
Microsoft Visual Studio Solution File, Format Version 12.00
# Visual Studio Version 16
VisualStudioVersion = 16.0.29519.181
MinimumVisualStudioVersion = 10.0.40219.1
Project("{FAE04EC0-301F-11D3-BF4B-00C04F79EFBC}") = "OgrenciKaydi", "OgrenciKaydi\OgrenciKaydi.csproj", "{010CCE6B-930C-4CE3-8CA5-B182C4BBF2EF}"
EndProject
Global
	GlobalSection(SolutionConfigurationPlatforms) = preSolution
		Debug|Any CPU = Debug|Any CPU
		Release|Any CPU = Release|Any CPU
	EndGlobalSection
	GlobalSection(ProjectConfigurationPlatforms) = postSolution
		{010CCE6B-930C-4CE3-8CA5-B182C4BBF2EF}.Debug|Any CPU.ActiveCfg = Debug|Any CPU
		{010CCE6B-930C-4CE3-8CA5-B182C4BBF2EF}.Debug|Any CPU.Build.0 = Debug|Any CPU
		{010CCE6B-930C-4CE3-8CA5-B182C4BBF2EF}.Release|Any CPU.ActiveCfg = Release|Any CPU
		{010CCE6B-930C-4CE3-8CA5-B182C4BBF2EF}.Release|Any CPU.Build.0 = Release|Any CPU
	EndGlobalSection
	GlobalSection(SolutionProperties) = preSolution
		HideSolutionNode = FALSE
	EndGlobalSection
	GlobalSection(ExtensibilityGlobals) = postSolution
		SolutionGuid = {EE057A42-D0E2-4DD8-A0A6-72ABF3F05933}
	EndGlobalSection
EndGlobal
